schema: '2.0'
stages:
  prepare:
    cmd: python src/prepare.py
    deps:
    - path: src/prepare.py
      hash: md5
      md5: e7aa793e595e0b77817efe75f52340d6
      size: 465
    outs:
    - path: data/raw
      hash: md5
      md5: 23b0000338669d2c61217dbd94633aa0.dir
      size: 54950512
      nfiles: 4
  preprocess:
    cmd: python src/preprocess.py
    deps:
    - path: data/raw
      hash: md5
      md5: 23b0000338669d2c61217dbd94633aa0.dir
      size: 54950512
      nfiles: 4
    - path: src/preprocess.py
      hash: md5
      md5: 4d96349e2bf784039e5795d07439cfb3
      size: 1116
    params:
      params.yaml:
        preprocess.seed: 42
        preprocess.test_size: 0.1
    outs:
    - path: data/processed
      hash: md5
      md5: df4bfbe97527de147bbe2088384c39c3.dir
      size: 439110768
      nfiles: 6
  train:
    cmd: python src/train.py
    deps:
    - path: data/processed
      hash: md5
      md5: df4bfbe97527de147bbe2088384c39c3.dir
      size: 439110768
      nfiles: 6
    - path: src/train.py
      hash: md5
      md5: e2efda4b26ead63585e9af6c0a4d6636
      size: 1284
    params:
      params.yaml:
        train.batch_size: 32
        train.dense_units: 256
        train.dropout_rate: 0.2
        train.epochs: 3
        train.learning_rate: 0.001
    outs:
    - path: models/history.csv
      hash: md5
      md5: ca693a2c409d770294667954bac87ebd
      size: 270
    - path: models/model.h5
      hash: md5
      md5: 0d38336042e763386b6db2bf6e5dc740
      size: 2466904
  evaluate:
    cmd: python src/evaluate.py
    deps:
    - path: data/processed
      hash: md5
      md5: df4bfbe97527de147bbe2088384c39c3.dir
      size: 439110768
      nfiles: 6
    - path: models/model.h5
      hash: md5
      md5: 0d38336042e763386b6db2bf6e5dc740
      size: 2466904
    - path: src/evaluate.py
      hash: md5
      md5: 59b31f770b4b338ce28a9e83f7160614
      size: 968
    outs:
    - path: metrics.json
      hash: md5
      md5: 5dd5ed1e63a5a94308b96df92a028bdd
      size: 82
    - path: models/confusion_matrix.png
      hash: md5
      md5: 5b0b7d61b2768277d83f3138f8f2f698
      size: 47663
